
Microsoft Visual Studio Solution File, Format Version 12.00
# Visual Studio Version 17
VisualStudioVersion = 17.5.33414.496
MinimumVisualStudioVersion = 10.0.40219.1
Project("{9A19103F-16F7-4668-BE54-9A1E7A4F7556}") = "FrontEnd", "FrontEnd\FrontEnd.csproj", "{F8BC403A-C6A1-4B11-AEBA-C832CC7B354F}"
EndProject
Project("{9A19103F-16F7-4668-BE54-9A1E7A4F7556}") = "ProductAPI", "ProductAPI\ProductAPI.csproj", "{3BD98237-FE86-4D60-8796-99547E256B4B}"
EndProject
Project("{9A19103F-16F7-4668-BE54-9A1E7A4F7556}") = "IdentityServer", "IdentityServer\IdentityServer.csproj", "{A8D746F8-E140-4B67-BCC2-243790BFF7DE}"
EndProject
Project("{9A19103F-16F7-4668-BE54-9A1E7A4F7556}") = "ConnectionGateway", "ConnectionGateway\ConnectionGateway.csproj", "{6BE9874C-43B6-4805-A9E0-2875CD4525BF}"
EndProject
Project("{FAE04EC0-301F-11D3-BF4B-00C04F79EFBC}") = "ProductModel", "ProductModel\ProductModel.csproj", "{31C393E8-5EA6-4CC2-A3A7-1091C403455D}"
EndProject
Project("{FAE04EC0-301F-11D3-BF4B-00C04F79EFBC}") = "ProductInterface", "ProductInterface\ProductInterface.csproj", "{71EE4ADD-7E64-4C5D-B9BD-EB443F52A761}"
EndProject
Project("{FAE04EC0-301F-11D3-BF4B-00C04F79EFBC}") = "ProductDataContext", "ProductDataContext\ProductDataContext.csproj", "{45EC811C-6B77-4FC7-ACE0-15A6C29278AD}"
EndProject
Global
	GlobalSection(SolutionConfigurationPlatforms) = preSolution
		Debug|Any CPU = Debug|Any CPU
		Release|Any CPU = Release|Any CPU
	EndGlobalSection
	GlobalSection(ProjectConfigurationPlatforms) = postSolution
		{F8BC403A-C6A1-4B11-AEBA-C832CC7B354F}.Debug|Any CPU.ActiveCfg = Debug|Any CPU
		{F8BC403A-C6A1-4B11-AEBA-C832CC7B354F}.Debug|Any CPU.Build.0 = Debug|Any CPU
		{F8BC403A-C6A1-4B11-AEBA-C832CC7B354F}.Release|Any CPU.ActiveCfg = Release|Any CPU
		{F8BC403A-C6A1-4B11-AEBA-C832CC7B354F}.Release|Any CPU.Build.0 = Release|Any CPU
		{3BD98237-FE86-4D60-8796-99547E256B4B}.Debug|Any CPU.ActiveCfg = Debug|Any CPU
		{3BD98237-FE86-4D60-8796-99547E256B4B}.Debug|Any CPU.Build.0 = Debug|Any CPU
		{3BD98237-FE86-4D60-8796-99547E256B4B}.Release|Any CPU.ActiveCfg = Release|Any CPU
		{3BD98237-FE86-4D60-8796-99547E256B4B}.Release|Any CPU.Build.0 = Release|Any CPU
		{A8D746F8-E140-4B67-BCC2-243790BFF7DE}.Debug|Any CPU.ActiveCfg = Debug|Any CPU
		{A8D746F8-E140-4B67-BCC2-243790BFF7DE}.Debug|Any CPU.Build.0 = Debug|Any CPU
		{A8D746F8-E140-4B67-BCC2-243790BFF7DE}.Release|Any CPU.ActiveCfg = Release|Any CPU
		{A8D746F8-E140-4B67-BCC2-243790BFF7DE}.Release|Any CPU.Build.0 = Release|Any CPU
		{6BE9874C-43B6-4805-A9E0-2875CD4525BF}.Debug|Any CPU.ActiveCfg = Debug|Any CPU
		{6BE9874C-43B6-4805-A9E0-2875CD4525BF}.Debug|Any CPU.Build.0 = Debug|Any CPU
		{6BE9874C-43B6-4805-A9E0-2875CD4525BF}.Release|Any CPU.ActiveCfg = Release|Any CPU
		{6BE9874C-43B6-4805-A9E0-2875CD4525BF}.Release|Any CPU.Build.0 = Release|Any CPU
		{31C393E8-5EA6-4CC2-A3A7-1091C403455D}.Debug|Any CPU.ActiveCfg = Debug|Any CPU
		{31C393E8-5EA6-4CC2-A3A7-1091C403455D}.Debug|Any CPU.Build.0 = Debug|Any CPU
		{31C393E8-5EA6-4CC2-A3A7-1091C403455D}.Release|Any CPU.ActiveCfg = Release|Any CPU
		{31C393E8-5EA6-4CC2-A3A7-1091C403455D}.Release|Any CPU.Build.0 = Release|Any CPU
		{71EE4ADD-7E64-4C5D-B9BD-EB443F52A761}.Debug|Any CPU.ActiveCfg = Debug|Any CPU
		{71EE4ADD-7E64-4C5D-B9BD-EB443F52A761}.Debug|Any CPU.Build.0 = Debug|Any CPU
		{71EE4ADD-7E64-4C5D-B9BD-EB443F52A761}.Release|Any CPU.ActiveCfg = Release|Any CPU
		{71EE4ADD-7E64-4C5D-B9BD-EB443F52A761}.Release|Any CPU.Build.0 = Release|Any CPU
		{45EC811C-6B77-4FC7-ACE0-15A6C29278AD}.Debug|Any CPU.ActiveCfg = Debug|Any CPU
		{45EC811C-6B77-4FC7-ACE0-15A6C29278AD}.Debug|Any CPU.Build.0 = Debug|Any CPU
		{45EC811C-6B77-4FC7-ACE0-15A6C29278AD}.Release|Any CPU.ActiveCfg = Release|Any CPU
		{45EC811C-6B77-4FC7-ACE0-15A6C29278AD}.Release|Any CPU.Build.0 = Release|Any CPU
	EndGlobalSection
	GlobalSection(SolutionProperties) = preSolution
		HideSolutionNode = FALSE
	EndGlobalSection
	GlobalSection(ExtensibilityGlobals) = postSolution
		SolutionGuid = {1F3B6E92-5236-422A-93E3-FBC5C54E31FE}
	EndGlobalSection
EndGlobal
